{
  "name": "bounded-review-loop-validation",
  "version": "0.0.0",
  "lockfileVersion": 3,
  "requires": true,
  "packages": {
    "": {
      "name": "bounded-review-loop-validation",
      "version": "0.0.0",
      "devDependencies": {
        "skills": "1.5.17"
      }
    },
    "node_modules/skills": {
      "version": "1.5.17",
      "resolved": "https://registry.npmjs.org/skills/-/skills-1.5.17.tgz",
      "integrity": "sha512-Mi8P0sy/4rLYESPTCw4tso1hj87zpD3KRVg1iFUlLby2V0+SNAyWNHo/Gq9cruNww8oCSjB9S2hIWtUbVnklcg==",
      "dev": true,
      "license": "MIT",
      "dependencies": {
        "yaml": "^2.8.3"
      },
      "bin": {
        "add-skill": "bin/cli.mjs",
        "skills": "bin/cli.mjs"
      },
      "engines": {
        "node": ">=18"
      }
    },
    "node_modules/yaml": {
      "version": "2.9.0",
      "resolved": "https://registry.npmjs.org/yaml/-/yaml-2.9.0.tgz",
      "integrity": "sha512-2AvhNX3mb8zd6Zy7INTtSpl1F15HW6Wnqj0srWlkKLcpYl/gMIMJiyuGq2KeI2YFxUPjdlB+3Lc10seMLtL4cA==",
      "dev": true,
      "license": "ISC",
      "bin": {
        "yaml": "bin.mjs"
      },
      "engines": {
        "node": ">= 14.6"
      },
      "funding": {
        "url": "https://github.com/sponsors/eemeli"
      }
    }
  }
}
